
Microsoft Visual Studio Solution File, Format Version 12.00
# Visual Studio Version 17
VisualStudioVersion = 17.4.33205.214
MinimumVisualStudioVersion = 10.0.40219.1
Project("{8BC9CEB8-8B4A-11D0-8D11-00A0C91BC942}") = "INI_parser", "INI_parser.vcxproj", "{87816F49-429D-45F1-B36A-486CA9149004}"
EndProject
Global
	GlobalSection(SolutionConfigurationPlatforms) = preSolution
		Debug|x64 = Debug|x64
		Debug|x86 = Debug|x86
		Release|x64 = Release|x64
		Release|x86 = Release|x86
	EndGlobalSection
	GlobalSection(ProjectConfigurationPlatforms) = postSolution
		{87816F49-429D-45F1-B36A-486CA9149004}.Debug|x64.ActiveCfg = Debug|x64
		{87816F49-429D-45F1-B36A-486CA9149004}.Debug|x64.Build.0 = Debug|x64
		{87816F49-429D-45F1-B36A-486CA9149004}.Debug|x86.ActiveCfg = Debug|Win32
		{87816F49-429D-45F1-B36A-486CA9149004}.Debug|x86.Build.0 = Debug|Win32
		{87816F49-429D-45F1-B36A-486CA9149004}.Release|x64.ActiveCfg = Release|x64
		{87816F49-429D-45F1-B36A-486CA9149004}.Release|x64.Build.0 = Release|x64
		{87816F49-429D-45F1-B36A-486CA9149004}.Release|x86.ActiveCfg = Release|Win32
		{87816F49-429D-45F1-B36A-486CA9149004}.Release|x86.Build.0 = Release|Win32
	EndGlobalSection
	GlobalSection(SolutionProperties) = preSolution
		HideSolutionNode = FALSE
	EndGlobalSection
	GlobalSection(ExtensibilityGlobals) = postSolution
		SolutionGuid = {70E991F5-99AC-43E5-9AD3-7BEF6CFB17FE}
	EndGlobalSection
EndGlobal
