
Microsoft Visual Studio Solution File, Format Version 12.00
# Visual Studio Version 17
VisualStudioVersion = 17.4.33205.214
MinimumVisualStudioVersion = 10.0.40219.1
Project("{8BC9CEB8-8B4A-11D0-8D11-00A0C91BC942}") = "other_fractions_methods", "other_fractions_methods\other_fractions_methods.vcxproj", "{9511BAB4-0976-4ED8-8984-B989C4EF6D9B}"
EndProject
Global
	GlobalSection(SolutionConfigurationPlatforms) = preSolution
		Debug|x64 = Debug|x64
		Debug|x86 = Debug|x86
		Release|x64 = Release|x64
		Release|x86 = Release|x86
	EndGlobalSection
	GlobalSection(ProjectConfigurationPlatforms) = postSolution
		{9511BAB4-0976-4ED8-8984-B989C4EF6D9B}.Debug|x64.ActiveCfg = Debug|x64
		{9511BAB4-0976-4ED8-8984-B989C4EF6D9B}.Debug|x64.Build.0 = Debug|x64
		{9511BAB4-0976-4ED8-8984-B989C4EF6D9B}.Debug|x86.ActiveCfg = Debug|Win32
		{9511BAB4-0976-4ED8-8984-B989C4EF6D9B}.Debug|x86.Build.0 = Debug|Win32
		{9511BAB4-0976-4ED8-8984-B989C4EF6D9B}.Release|x64.ActiveCfg = Release|x64
		{9511BAB4-0976-4ED8-8984-B989C4EF6D9B}.Release|x64.Build.0 = Release|x64
		{9511BAB4-0976-4ED8-8984-B989C4EF6D9B}.Release|x86.ActiveCfg = Release|Win32
		{9511BAB4-0976-4ED8-8984-B989C4EF6D9B}.Release|x86.Build.0 = Release|Win32
	EndGlobalSection
	GlobalSection(SolutionProperties) = preSolution
		HideSolutionNode = FALSE
	EndGlobalSection
	GlobalSection(ExtensibilityGlobals) = postSolution
		SolutionGuid = {30BD7172-C3EE-493A-813A-0F46432F08C1}
	EndGlobalSection
EndGlobal
